
Microsoft Visual Studio Solution File, Format Version 12.00
# Visual Studio 15
VisualStudioVersion = 15.0.28307.779
MinimumVisualStudioVersion = 10.0.40219.1
Project("{FAE04EC0-301F-11D3-BF4B-00C04F79EFBC}") = "MyFirstApp_Stadler-250S01", "MyFirstApp_Stadler-250S01\MyFirstApp_Stadler-250S01.csproj", "{CBF25154-4B82-447B-A567-31AB42EC9064}"
EndProject
Global
	GlobalSection(SolutionConfigurationPlatforms) = preSolution
		Debug|Any CPU = Debug|Any CPU
		Release|Any CPU = Release|Any CPU
	EndGlobalSection
	GlobalSection(ProjectConfigurationPlatforms) = postSolution
		{CBF25154-4B82-447B-A567-31AB42EC9064}.Debug|Any CPU.ActiveCfg = Debug|Any CPU
		{CBF25154-4B82-447B-A567-31AB42EC9064}.Debug|Any CPU.Build.0 = Debug|Any CPU
		{CBF25154-4B82-447B-A567-31AB42EC9064}.Release|Any CPU.ActiveCfg = Release|Any CPU
		{CBF25154-4B82-447B-A567-31AB42EC9064}.Release|Any CPU.Build.0 = Release|Any CPU
	EndGlobalSection
	GlobalSection(SolutionProperties) = preSolution
		HideSolutionNode = FALSE
	EndGlobalSection
	GlobalSection(ExtensibilityGlobals) = postSolution
		SolutionGuid = {99A04660-2B89-4DD6-B2D4-2A8AA8AB2E5F}
	EndGlobalSection
EndGlobal
